
Microsoft Visual Studio Solution File, Format Version 12.00
# Visual Studio Version 17
VisualStudioVersion = 17.11.35222.181
MinimumVisualStudioVersion = 10.0.40219.1
Project("{9A19103F-16F7-4668-BE54-9A1E7A4F7556}") = "ocl-msds", "ocl-msds\ocl-msds.csproj", "{77A71141-E51F-44A9-8352-60017FDDB558}"
EndProject
Global
	GlobalSection(SolutionConfigurationPlatforms) = preSolution
		Debug|Any CPU = Debug|Any CPU
		Release|Any CPU = Release|Any CPU
	EndGlobalSection
	GlobalSection(ProjectConfigurationPlatforms) = postSolution
		{77A71141-E51F-44A9-8352-60017FDDB558}.Debug|Any CPU.ActiveCfg = Debug|Any CPU
		{77A71141-E51F-44A9-8352-60017FDDB558}.Debug|Any CPU.Build.0 = Debug|Any CPU
		{77A71141-E51F-44A9-8352-60017FDDB558}.Release|Any CPU.ActiveCfg = Release|Any CPU
		{77A71141-E51F-44A9-8352-60017FDDB558}.Release|Any CPU.Build.0 = Release|Any CPU
	EndGlobalSection
	GlobalSection(SolutionProperties) = preSolution
		HideSolutionNode = FALSE
	EndGlobalSection
	GlobalSection(ExtensibilityGlobals) = postSolution
		SolutionGuid = {32951162-3512-4616-84CB-44A722DEEB0F}
	EndGlobalSection
EndGlobal
